
Microsoft Visual Studio Solution File, Format Version 12.00
# Visual Studio 15
VisualStudioVersion = 15.0.28307.757
MinimumVisualStudioVersion = 10.0.40219.1
Project("{9A19103F-16F7-4668-BE54-9A1E7A4F7556}") = "FileIOLibrary", "FileIOLibrary\FileIOLibrary.csproj", "{A12725A6-54B9-4517-938A-AB892FD16CC6}"
EndProject
Project("{FAE04EC0-301F-11D3-BF4B-00C04F79EFBC}") = "UsandoDLL", "UsandoDLL\UsandoDLL.csproj", "{20CC0AFD-60C5-4B2D-B53C-031CD1714A85}"
EndProject
Global
	GlobalSection(SolutionConfigurationPlatforms) = preSolution
		Debug|Any CPU = Debug|Any CPU
		Release|Any CPU = Release|Any CPU
	EndGlobalSection
	GlobalSection(ProjectConfigurationPlatforms) = postSolution
		{A12725A6-54B9-4517-938A-AB892FD16CC6}.Debug|Any CPU.ActiveCfg = Debug|Any CPU
		{A12725A6-54B9-4517-938A-AB892FD16CC6}.Debug|Any CPU.Build.0 = Debug|Any CPU
		{A12725A6-54B9-4517-938A-AB892FD16CC6}.Release|Any CPU.ActiveCfg = Release|Any CPU
		{A12725A6-54B9-4517-938A-AB892FD16CC6}.Release|Any CPU.Build.0 = Release|Any CPU
		{20CC0AFD-60C5-4B2D-B53C-031CD1714A85}.Debug|Any CPU.ActiveCfg = Debug|Any CPU
		{20CC0AFD-60C5-4B2D-B53C-031CD1714A85}.Debug|Any CPU.Build.0 = Debug|Any CPU
		{20CC0AFD-60C5-4B2D-B53C-031CD1714A85}.Release|Any CPU.ActiveCfg = Release|Any CPU
		{20CC0AFD-60C5-4B2D-B53C-031CD1714A85}.Release|Any CPU.Build.0 = Release|Any CPU
	EndGlobalSection
	GlobalSection(SolutionProperties) = preSolution
		HideSolutionNode = FALSE
	EndGlobalSection
	GlobalSection(ExtensibilityGlobals) = postSolution
		SolutionGuid = {FF7BFC1D-3448-42E9-B65C-B72E29E6E1F8}
	EndGlobalSection
EndGlobal
